// !$*UTF8*$!
{
	archiveVersion = 1;
	classes = {
	};
	objectVersion = 51;
	objects = {

/* Begin PBXBuildFile section */
		042CF6E324B2E2240084703E /* BookCellViewModel.swift in Sources */ = {isa = PBXBuildFile; fileRef = 042CF6E224B2E2240084703E /* BookCellViewModel.swift */; };
		042CF6E524B2E3010084703E /* BookListViewModel.swift in Sources */ = {isa = PBXBuildFile; fileRef = 042CF6E424B2E3010084703E /* BookListViewModel.swift */; };
		044128BF24B6D3F8002AAC94 /* SearchBarView.swift in Sources */ = {isa = PBXBuildFile; fileRef = 044128BE24B6D3F8002AAC94 /* SearchBarView.swift */; };
		044128C124B6D41C002AAC94 /* WebView.swift in Sources */ = {isa = PBXBuildFile; fileRef = 044128C024B6D41C002AAC94 /* WebView.swift */; };
		044128C324B6D65E002AAC94 /* SubmitBookView.swift in Sources */ = {isa = PBXBuildFile; fileRef = 044128C224B6D65E002AAC94 /* SubmitBookView.swift */; };
		0463CA9824B45BA800D82024 /* SearchedBook.swift in Sources */ = {isa = PBXBuildFile; fileRef = 0463CA9724B45BA800D82024 /* SearchedBook.swift */; };
		0486466C24BADFF200A7C07E /* SubmitBookViewModel.swift in Sources */ = {isa = PBXBuildFile; fileRef = 0486466B24BADFF200A7C07E /* SubmitBookViewModel.swift */; };
		04CC7B3324B40943009B1920 /* GoogleService-Info.plist in Resources */ = {isa = PBXBuildFile; fileRef = 04CC7B3224B40943009B1920 /* GoogleService-Info.plist */; };
		04CC7B3624B40987009B1920 /* BookRepository.swift in Sources */ = {isa = PBXBuildFile; fileRef = 04CC7B3524B40987009B1920 /* BookRepository.swift */; };
		04CC7B3824B44225009B1920 /* SearchBookView.swift in Sources */ = {isa = PBXBuildFile; fileRef = 04CC7B3724B44225009B1920 /* SearchBookView.swift */; };
		04CC7B3A24B44260009B1920 /* SearchBookVIewModel.swift in Sources */ = {isa = PBXBuildFile; fileRef = 04CC7B3924B44260009B1920 /* SearchBookVIewModel.swift */; };
		04D7CA3A24BAA34700B3660A /* BookDetailView.swift in Sources */ = {isa = PBXBuildFile; fileRef = 04D7CA3924BAA34700B3660A /* BookDetailView.swift */; };
		04E1F30024B1A0A800D0F2D6 /* AppDelegate.swift in Sources */ = {isa = PBXBuildFile; fileRef = 04E1F2FF24B1A0A800D0F2D6 /* AppDelegate.swift */; };
		04E1F30224B1A0A800D0F2D6 /* SceneDelegate.swift in Sources */ = {isa = PBXBuildFile; fileRef = 04E1F30124B1A0A800D0F2D6 /* SceneDelegate.swift */; };
		04E1F30424B1A0A800D0F2D6 /* BookListView.swift in Sources */ = {isa = PBXBuildFile; fileRef = 04E1F30324B1A0A800D0F2D6 /* BookListView.swift */; };
		04E1F30624B1A0A900D0F2D6 /* Assets.xcassets in Resources */ = {isa = PBXBuildFile; fileRef = 04E1F30524B1A0A900D0F2D6 /* Assets.xcassets */; };
		04E1F30924B1A0A900D0F2D6 /* Preview Assets.xcassets in Resources */ = {isa = PBXBuildFile; fileRef = 04E1F30824B1A0A900D0F2D6 /* Preview Assets.xcassets */; };
		04E1F30C24B1A0A900D0F2D6 /* LaunchScreen.storyboard in Resources */ = {isa = PBXBuildFile; fileRef = 04E1F30A24B1A0A900D0F2D6 /* LaunchScreen.storyboard */; };
		04E1F31624B1A12400D0F2D6 /* Book.swift in Sources */ = {isa = PBXBuildFile; fileRef = 04E1F31524B1A12400D0F2D6 /* Book.swift */; };
		04E4046D24B552E80033A95C /* ContentView.swift in Sources */ = {isa = PBXBuildFile; fileRef = 04E4046C24B552E80033A95C /* ContentView.swift */; };
		BAAFDE77EFB20B3F0C0FB18A /* Pods_BookShelf.framework in Frameworks */ = {isa = PBXBuildFile; fileRef = 01BB6B9366FF4AF595238CEF /* Pods_BookShelf.framework */; };
/* End PBXBuildFile section */

/* Begin PBXFileReference section */
		01BB6B9366FF4AF595238CEF /* Pods_BookShelf.framework */ = {isa = PBXFileReference; explicitFileType = wrapper.framework; includeInIndex = 0; path = Pods_BookShelf.framework; sourceTree = BUILT_PRODUCTS_DIR; };
		042CF6E224B2E2240084703E /* BookCellViewModel.swift */ = {isa = PBXFileReference; lastKnownFileType = sourcecode.swift; path = BookCellViewModel.swift; sourceTree = "<group>"; };
		042CF6E424B2E3010084703E /* BookListViewModel.swift */ = {isa = PBXFileReference; lastKnownFileType = sourcecode.swift; path = BookListViewModel.swift; sourceTree = "<group>"; };
		044128BE24B6D3F8002AAC94 /* SearchBarView.swift */ = {isa = PBXFileReference; lastKnownFileType = sourcecode.swift; path = SearchBarView.swift; sourceTree = "<group>"; };
		044128C024B6D41C002AAC94 /* WebView.swift */ = {isa = PBXFileReference; lastKnownFileType = sourcecode.swift; path = WebView.swift; sourceTree = "<group>"; };
		044128C224B6D65E002AAC94 /* SubmitBookView.swift */ = {isa = PBXFileReference; lastKnownFileType = sourcecode.swift; path = SubmitBookView.swift; sourceTree = "<group>"; };
		0463CA9724B45BA800D82024 /* SearchedBook.swift */ = {isa = PBXFileReference; lastKnownFileType = sourcecode.swift; path = SearchedBook.swift; sourceTree = "<group>"; };
		0486466B24BADFF200A7C07E /* SubmitBookViewModel.swift */ = {isa = PBXFileReference; lastKnownFileType = sourcecode.swift; path = SubmitBookViewModel.swift; sourceTree = "<group>"; };
		04CC7B3224B40943009B1920 /* GoogleService-Info.plist */ = {isa = PBXFileReference; fileEncoding = 4; lastKnownFileType = text.plist.xml; path = "GoogleService-Info.plist"; sourceTree = "<group>"; };
		04CC7B3524B40987009B1920 /* BookRepository.swift */ = {isa = PBXFileReference; lastKnownFileType = sourcecode.swift; path = BookRepository.swift; sourceTree = "<group>"; };
		04CC7B3724B44225009B1920 /* SearchBookView.swift */ = {isa = PBXFileReference; lastKnownFileType = sourcecode.swift; path = SearchBookView.swift; sourceTree = "<group>"; };
		04CC7B3924B44260009B1920 /* SearchBookVIewModel.swift */ = {isa = PBXFileReference; lastKnownFileType = sourcecode.swift; path = SearchBookVIewModel.swift; sourceTree = "<group>"; };
		04D7CA3924BAA34700B3660A /* BookDetailView.swift */ = {isa = PBXFileReference; lastKnownFileType = sourcecode.swift; path = BookDetailView.swift; sourceTree = "<group>"; };
		04E1F2FC24B1A0A800D0F2D6 /* BookShelf.app */ = {isa = PBXFileReference; explicitFileType = wrapper.application; includeInIndex = 0; path = BookShelf.app; sourceTree = BUILT_PRODUCTS_DIR; };
		04E1F2FF24B1A0A800D0F2D6 /* AppDelegate.swift */ = {isa = PBXFileReference; lastKnownFileType = sourcecode.swift; path = AppDelegate.swift; sourceTree = "<group>"; };
		04E1F30124B1A0A800D0F2D6 /* SceneDelegate.swift */ = {isa = PBXFileReference; lastKnownFileType = sourcecode.swift; path = SceneDelegate.swift; sourceTree = "<group>"; };
		04E1F30324B1A0A800D0F2D6 /* BookListView.swift */ = {isa = PBXFileReference; lastKnownFileType = sourcecode.swift; path = BookListView.swift; sourceTree = "<group>"; };
		04E1F30524B1A0A900D0F2D6 /* Assets.xcassets */ = {isa = PBXFileReference; lastKnownFileType = folder.assetcatalog; path = Assets.xcassets; sourceTree = "<group>"; };
		04E1F30824B1A0A900D0F2D6 /* Preview Assets.xcassets */ = {isa = PBXFileReference; lastKnownFileType = folder.assetcatalog; path = "Preview Assets.xcassets"; sourceTree = "<group>"; };
		04E1F30B24B1A0A900D0F2D6 /* Base */ = {isa = PBXFileReference; lastKnownFileType = file.storyboard; name = Base; path = Base.lproj/LaunchScreen.storyboard; sourceTree = "<group>"; };
		04E1F30D24B1A0A900D0F2D6 /* Info.plist */ = {isa = PBXFileReference; lastKnownFileType = text.plist.xml; path = Info.plist; sourceTree = "<group>"; };
		04E1F31524B1A12400D0F2D6 /* Book.swift */ = {isa = PBXFileReference; lastKnownFileType = sourcecode.swift; path = Book.swift; sourceTree = "<group>"; };
		04E4046C24B552E80033A95C /* ContentView.swift */ = {isa = PBXFileReference; lastKnownFileType = sourcecode.swift; path = ContentView.swift; sourceTree = "<group>"; };
		B4D33A40DCEE5FBC17DF78EB /* Pods-BookShelf.release.xcconfig */ = {isa = PBXFileReference; includeInIndex = 1; lastKnownFileType = text.xcconfig; name = "Pods-BookShelf.release.xcconfig"; path = "Target Support Files/Pods-BookShelf/Pods-BookShelf.release.xcconfig"; sourceTree = "<group>"; };
		C178C20C56EB51E724888501 /* Pods-BookShelf.debug.xcconfig */ = {isa = PBXFileReference; includeInIndex = 1; lastKnownFileType = text.xcconfig; name = "Pods-BookShelf.debug.xcconfig"; path = "Target Support Files/Pods-BookShelf/Pods-BookShelf.debug.xcconfig"; sourceTree = "<group>"; };
/* End PBXFileReference section */

/* Begin PBXFrameworksBuildPhase section */
		04E1F2F924B1A0A800D0F2D6 /* Frameworks */ = {
			isa = PBXFrameworksBuildPhase;
			buildActionMask = 2147483647;
			files = (
				BAAFDE77EFB20B3F0C0FB18A /* Pods_BookShelf.framework in Frameworks */,
			);
			runOnlyForDeploymentPostprocessing = 0;
		};
/* End PBXFrameworksBuildPhase section */

/* Begin PBXGroup section */
		042D2C5E24B2DED6009DBE59 /* Commponents */ = {
			isa = PBXGroup;
			children = (
				04E4046C24B552E80033A95C /* ContentView.swift */,
				044128BE24B6D3F8002AAC94 /* SearchBarView.swift */,
				044128C024B6D41C002AAC94 /* WebView.swift */,
			);
			path = Commponents;
			sourceTree = "<group>";
		};
		044128C424B7FBCC002AAC94 /* List */ = {
			isa = PBXGroup;
			children = (
				04E1F31524B1A12400D0F2D6 /* Book.swift */,
				04E1F30324B1A0A800D0F2D6 /* BookListView.swift */,
				04D7CA3924BAA34700B3660A /* BookDetailView.swift */,
				042CF6E424B2E3010084703E /* BookListViewModel.swift */,
				042CF6E224B2E2240084703E /* BookCellViewModel.swift */,
			);
			path = List;
			sourceTree = "<group>";
		};
		044128C524B7FBF9002AAC94 /* Search */ = {
			isa = PBXGroup;
			children = (
				0463CA9724B45BA800D82024 /* SearchedBook.swift */,
				04CC7B3724B44225009B1920 /* SearchBookView.swift */,
				04CC7B3924B44260009B1920 /* SearchBookVIewModel.swift */,
			);
			path = Search;
			sourceTree = "<group>";
		};
		0486466D24BAE00700A7C07E /* Submit */ = {
			isa = PBXGroup;
			children = (
				044128C224B6D65E002AAC94 /* SubmitBookView.swift */,
				0486466B24BADFF200A7C07E /* SubmitBookViewModel.swift */,
			);
			path = Submit;
			sourceTree = "<group>";
		};
		04CC7B3424B40974009B1920 /* Repositories */ = {
			isa = PBXGroup;
			children = (
				04CC7B3524B40987009B1920 /* BookRepository.swift */,
			);
			path = Repositories;
			sourceTree = "<group>";
		};
		04E1F2F324B1A0A800D0F2D6 = {
			isa = PBXGroup;
			children = (
				04E1F2FE24B1A0A800D0F2D6 /* BookShelf */,
				04E1F2FD24B1A0A800D0F2D6 /* Products */,
				4B3C91856C55D767E34F5991 /* Pods */,
				40A1427F530B00EF91BFA044 /* Frameworks */,
			);
			sourceTree = "<group>";
		};
		04E1F2FD24B1A0A800D0F2D6 /* Products */ = {
			isa = PBXGroup;
			children = (
				04E1F2FC24B1A0A800D0F2D6 /* BookShelf.app */,
			);
			name = Products;
			sourceTree = "<group>";
		};
		04E1F2FE24B1A0A800D0F2D6 /* BookShelf */ = {
			isa = PBXGroup;
			children = (
				04E1F31324B1A10300D0F2D6 /* App */,
				04CC7B3424B40974009B1920 /* Repositories */,
				042D2C5E24B2DED6009DBE59 /* Commponents */,
				044128C524B7FBF9002AAC94 /* Search */,
				044128C424B7FBCC002AAC94 /* List */,
				0486466D24BAE00700A7C07E /* Submit */,
				04E1F30524B1A0A900D0F2D6 /* Assets.xcassets */,
				04E1F30A24B1A0A900D0F2D6 /* LaunchScreen.storyboard */,
				04E1F30D24B1A0A900D0F2D6 /* Info.plist */,
				04CC7B3224B40943009B1920 /* GoogleService-Info.plist */,
				04E1F30724B1A0A900D0F2D6 /* Preview Content */,
			);
			path = BookShelf;
			sourceTree = "<group>";
		};
		04E1F30724B1A0A900D0F2D6 /* Preview Content */ = {
			isa = PBXGroup;
			children = (
				04E1F30824B1A0A900D0F2D6 /* Preview Assets.xcassets */,
			);
			path = "Preview Content";
			sourceTree = "<group>";
		};
		04E1F31324B1A10300D0F2D6 /* App */ = {
			isa = PBXGroup;
			children = (
				04E1F2FF24B1A0A800D0F2D6 /* AppDelegate.swift */,
				04E1F30124B1A0A800D0F2D6 /* SceneDelegate.swift */,
			);
			path = App;
			sourceTree = "<group>";
		};
		40A1427F530B00EF91BFA044 /* Frameworks */ = {
			isa = PBXGroup;
			children = (
				01BB6B9366FF4AF595238CEF /* Pods_BookShelf.framework */,
			);
			name = Frameworks;
			sourceTree = "<group>";
		};
		4B3C91856C55D767E34F5991 /* Pods */ = {
			isa = PBXGroup;
			children = (
				C178C20C56EB51E724888501 /* Pods-BookShelf.debug.xcconfig */,
				B4D33A40DCEE5FBC17DF78EB /* Pods-BookShelf.release.xcconfig */,
			);
			path = Pods;
			sourceTree = "<group>";
		};
/* End PBXGroup section */

/* Begin PBXNativeTarget section */
		04E1F2FB24B1A0A800D0F2D6 /* BookShelf */ = {
			isa = PBXNativeTarget;
			buildConfigurationList = 04E1F31024B1A0A900D0F2D6 /* Build configuration list for PBXNativeTarget "BookShelf" */;
			buildPhases = (
				014062FC5E1DF7F2C89FFBE5 /* [CP] Check Pods Manifest.lock */,
				04E1F2F824B1A0A800D0F2D6 /* Sources */,
				04E1F2F924B1A0A800D0F2D6 /* Frameworks */,
				04E1F2FA24B1A0A800D0F2D6 /* Resources */,
				5FF2A4134B82A14A47A0CCD4 /* [CP] Embed Pods Frameworks */,
			);
			buildRules = (
			);
			dependencies = (
			);
			name = BookShelf;
			productName = BookShelf;
			productReference = 04E1F2FC24B1A0A800D0F2D6 /* BookShelf.app */;
			productType = "com.apple.product-type.application";
		};
/* End PBXNativeTarget section */

/* Begin PBXProject section */
		04E1F2F424B1A0A800D0F2D6 /* Project object */ = {
			isa = PBXProject;
			attributes = {
				LastSwiftUpdateCheck = 1150;
				LastUpgradeCheck = 1150;
				ORGANIZATIONNAME = "村尾慶伸";
				TargetAttributes = {
					04E1F2FB24B1A0A800D0F2D6 = {
						CreatedOnToolsVersion = 11.5;
					};
				};
			};
			buildConfigurationList = 04E1F2F724B1A0A800D0F2D6 /* Build configuration list for PBXProject "BookShelf" */;
			compatibilityVersion = "Xcode 9.3";
			developmentRegion = en;
			hasScannedForEncodings = 0;
			knownRegions = (
				en,
				Base,
			);
			mainGroup = 04E1F2F324B1A0A800D0F2D6;
			productRefGroup = 04E1F2FD24B1A0A800D0F2D6 /* Products */;
			projectDirPath = "";
			projectRoot = "";
			targets = (
				04E1F2FB24B1A0A800D0F2D6 /* BookShelf */,
			);
		};
/* End PBXProject section */

/* Begin PBXResourcesBuildPhase section */
		04E1F2FA24B1A0A800D0F2D6 /* Resources */ = {
			isa = PBXResourcesBuildPhase;
			buildActionMask = 2147483647;
			files = (
				04E1F30C24B1A0A900D0F2D6 /* LaunchScreen.storyboard in Resources */,
				04CC7B3324B40943009B1920 /* GoogleService-Info.plist in Resources */,
				04E1F30924B1A0A900D0F2D6 /* Preview Assets.xcassets in Resources */,
				04E1F30624B1A0A900D0F2D6 /* Assets.xcassets in Resources */,
			);
			runOnlyForDeploymentPostprocessing = 0;
		};
/* End PBXResourcesBuildPhase section */

/* Begin PBXShellScriptBuildPhase section */
		014062FC5E1DF7F2C89FFBE5 /* [CP] Check Pods Manifest.lock */ = {
			isa = PBXShellScriptBuildPhase;
			buildActionMask = 2147483647;
			files = (
			);
			inputFileListPaths = (
			);
			inputPaths = (
				"${PODS_PODFILE_DIR_PATH}/Podfile.lock",
				"${PODS_ROOT}/Manifest.lock",
			);
			name = "[CP] Check Pods Manifest.lock";
			outputFileListPaths = (
			);
			outputPaths = (
				"$(DERIVED_FILE_DIR)/Pods-BookShelf-checkManifestLockResult.txt",
			);
			runOnlyForDeploymentPostprocessing = 0;
			shellPath = /bin/sh;
			shellScript = "diff \"${PODS_PODFILE_DIR_PATH}/Podfile.lock\" \"${PODS_ROOT}/Manifest.lock\" > /dev/null\nif [ $? != 0 ] ; then\n    # print error to STDERR\n    echo \"error: The sandbox is not in sync with the Podfile.lock. Run 'pod install' or update your CocoaPods installation.\" >&2\n    exit 1\nfi\n# This output is used by Xcode 'outputs' to avoid re-running this script phase.\necho \"SUCCESS\" > \"${SCRIPT_OUTPUT_FILE_0}\"\n";
			showEnvVarsInLog = 0;
		};
		5FF2A4134B82A14A47A0CCD4 /* [CP] Embed Pods Frameworks */ = {
			isa = PBXShellScriptBuildPhase;
			buildActionMask = 2147483647;
			files = (
			);
			inputFileListPaths = (
				"${PODS_ROOT}/Target Support Files/Pods-BookShelf/Pods-BookShelf-frameworks-${CONFIGURATION}-input-files.xcfilelist",
			);
			name = "[CP] Embed Pods Frameworks";
			outputFileListPaths = (
				"${PODS_ROOT}/Target Support Files/Pods-BookShelf/Pods-BookShelf-frameworks-${CONFIGURATION}-output-files.xcfilelist",
			);
			runOnlyForDeploymentPostprocessing = 0;
			shellPath = /bin/sh;
			shellScript = "\"${PODS_ROOT}/Target Support Files/Pods-BookShelf/Pods-BookShelf-frameworks.sh\"\n";
			showEnvVarsInLog = 0;
		};
/* End PBXShellScriptBuildPhase section */

/* Begin PBXSourcesBuildPhase section */
		04E1F2F824B1A0A800D0F2D6 /* Sources */ = {
			isa = PBXSourcesBuildPhase;
			buildActionMask = 2147483647;
			files = (
				04E4046D24B552E80033A95C /* ContentView.swift in Sources */,
				042CF6E324B2E2240084703E /* BookCellViewModel.swift in Sources */,
				044128C124B6D41C002AAC94 /* WebView.swift in Sources */,
				04E1F31624B1A12400D0F2D6 /* Book.swift in Sources */,
				04CC7B3A24B44260009B1920 /* SearchBookVIewModel.swift in Sources */,
				044128BF24B6D3F8002AAC94 /* SearchBarView.swift in Sources */,
				04E1F30024B1A0A800D0F2D6 /* AppDelegate.swift in Sources */,
				04D7CA3A24BAA34700B3660A /* BookDetailView.swift in Sources */,
				04E1F30224B1A0A800D0F2D6 /* SceneDelegate.swift in Sources */,
				04E1F30424B1A0A800D0F2D6 /* BookListView.swift in Sources */,
				04CC7B3624B40987009B1920 /* BookRepository.swift in Sources */,
				0463CA9824B45BA800D82024 /* SearchedBook.swift in Sources */,
				044128C324B6D65E002AAC94 /* SubmitBookView.swift in Sources */,
				042CF6E524B2E3010084703E /* BookListViewModel.swift in Sources */,
				04CC7B3824B44225009B1920 /* SearchBookView.swift in Sources */,
				0486466C24BADFF200A7C07E /* SubmitBookViewModel.swift in Sources */,
			);
			runOnlyForDeploymentPostprocessing = 0;
		};
/* End PBXSourcesBuildPhase section */

/* Begin PBXVariantGroup section */
		04E1F30A24B1A0A900D0F2D6 /* LaunchScreen.storyboard */ = {
			isa = PBXVariantGroup;
			children = (
				04E1F30B24B1A0A900D0F2D6 /* Base */,
			);
			name = LaunchScreen.storyboard;
			sourceTree = "<group>";
		};
/* End PBXVariantGroup section */

/* Begin XCBuildConfiguration section */
		04E1F30E24B1A0A900D0F2D6 /* Debug */ = {
			isa = XCBuildConfiguration;
			buildSettings = {
				ALWAYS_SEARCH_USER_PATHS = NO;
				CLANG_ANALYZER_NONNULL = YES;
				CLANG_ANALYZER_NUMBER_OBJECT_CONVERSION = YES_AGGRESSIVE;
				CLANG_CXX_LANGUAGE_STANDARD = "gnu++14";
				CLANG_CXX_LIBRARY = "libc++";
				CLANG_ENABLE_MODULES = YES;
				CLANG_ENABLE_OBJC_ARC = YES;
				CLANG_ENABLE_OBJC_WEAK = YES;
				CLANG_WARN_BLOCK_CAPTURE_AUTORELEASING = YES;
				CLANG_WARN_BOOL_CONVERSION = YES;
				CLANG_WARN_COMMA = YES;
				CLANG_WARN_CONSTANT_CONVERSION = YES;
				CLANG_WARN_DEPRECATED_OBJC_IMPLEMENTATIONS = YES;
				CLANG_WARN_DIRECT_OBJC_ISA_USAGE = YES_ERROR;
				CLANG_WARN_DOCUMENTATION_COMMENTS = YES;
				CLANG_WARN_EMPTY_BODY = YES;
				CLANG_WARN_ENUM_CONVERSION = YES;
				CLANG_WARN_INFINITE_RECURSION = YES;
				CLANG_WARN_INT_CONVERSION = YES;
				CLANG_WARN_NON_LITERAL_NULL_CONVERSION = YES;
				CLANG_WARN_OBJC_IMPLICIT_RETAIN_SELF = YES;
				CLANG_WARN_OBJC_LITERAL_CONVERSION = YES;
				CLANG_WARN_OBJC_ROOT_CLASS = YES_ERROR;
				CLANG_WARN_RANGE_LOOP_ANALYSIS = YES;
				CLANG_WARN_STRICT_PROTOTYPES = YES;
				CLANG_WARN_SUSPICIOUS_MOVE = YES;
				CLANG_WARN_UNGUARDED_AVAILABILITY = YES_AGGRESSIVE;
				CLANG_WARN_UNREACHABLE_CODE = YES;
				CLANG_WARN__DUPLICATE_METHOD_MATCH = YES;
				COPY_PHASE_STRIP = NO;
				DEBUG_INFORMATION_FORMAT = dwarf;
				ENABLE_STRICT_OBJC_MSGSEND = YES;
				ENABLE_TESTABILITY = YES;
				GCC_C_LANGUAGE_STANDARD = gnu11;
				GCC_DYNAMIC_NO_PIC = NO;
				GCC_NO_COMMON_BLOCKS = YES;
				GCC_OPTIMIZATION_LEVEL = 0;
				GCC_PREPROCESSOR_DEFINITIONS = (
					"DEBUG=1",
					"$(inherited)",
				);
				GCC_WARN_64_TO_32_BIT_CONVERSION = YES;
				GCC_WARN_ABOUT_RETURN_TYPE = YES_ERROR;
				GCC_WARN_UNDECLARED_SELECTOR = YES;
				GCC_WARN_UNINITIALIZED_AUTOS = YES_AGGRESSIVE;
				GCC_WARN_UNUSED_FUNCTION = YES;
				GCC_WARN_UNUSED_VARIABLE = YES;
				IPHONEOS_DEPLOYMENT_TARGET = 13.5;
				MTL_ENABLE_DEBUG_INFO = INCLUDE_SOURCE;
				MTL_FAST_MATH = YES;
				ONLY_ACTIVE_ARCH = YES;
				SDKROOT = iphoneos;
				SWIFT_ACTIVE_COMPILATION_CONDITIONS = DEBUG;
				SWIFT_OPTIMIZATION_LEVEL = "-Onone";
			};
			name = Debug;
		};
		04E1F30F24B1A0A900D0F2D6 /* Release */ = {
			isa = XCBuildConfiguration;
			buildSettings = {
				ALWAYS_SEARCH_USER_PATHS = NO;
				CLANG_ANALYZER_NONNULL = YES;
				CLANG_ANALYZER_NUMBER_OBJECT_CONVERSION = YES_AGGRESSIVE;
				CLANG_CXX_LANGUAGE_STANDARD = "gnu++14";
				CLANG_CXX_LIBRARY = "libc++";
				CLANG_ENABLE_MODULES = YES;
				CLANG_ENABLE_OBJC_ARC = YES;
				CLANG_ENABLE_OBJC_WEAK = YES;
				CLANG_WARN_BLOCK_CAPTURE_AUTORELEASING = YES;
				CLANG_WARN_BOOL_CONVERSION = YES;
				CLANG_WARN_COMMA = YES;
				CLANG_WARN_CONSTANT_CONVERSION = YES;
				CLANG_WARN_DEPRECATED_OBJC_IMPLEMENTATIONS = YES;
				CLANG_WARN_DIRECT_OBJC_ISA_USAGE = YES_ERROR;
				CLANG_WARN_DOCUMENTATION_COMMENTS = YES;
				CLANG_WARN_EMPTY_BODY = YES;
				CLANG_WARN_ENUM_CONVERSION = YES;
				CLANG_WARN_INFINITE_RECURSION = YES;
				CLANG_WARN_INT_CONVERSION = YES;
				CLANG_WARN_NON_LITERAL_NULL_CONVERSION = YES;
				CLANG_WARN_OBJC_IMPLICIT_RETAIN_SELF = YES;
				CLANG_WARN_OBJC_LITERAL_CONVERSION = YES;
				CLANG_WARN_OBJC_ROOT_CLASS = YES_ERROR;
				CLANG_WARN_RANGE_LOOP_ANALYSIS = YES;
				CLANG_WARN_STRICT_PROTOTYPES = YES;
				CLANG_WARN_SUSPICIOUS_MOVE = YES;
				CLANG_WARN_UNGUARDED_AVAILABILITY = YES_AGGRESSIVE;
				CLANG_WARN_UNREACHABLE_CODE = YES;
				CLANG_WARN__DUPLICATE_METHOD_MATCH = YES;
				COPY_PHASE_STRIP = NO;
				DEBUG_INFORMATION_FORMAT = "dwarf-with-dsym";
				ENABLE_NS_ASSERTIONS = NO;
				ENABLE_STRICT_OBJC_MSGSEND = YES;
				GCC_C_LANGUAGE_STANDARD = gnu11;
				GCC_NO_COMMON_BLOCKS = YES;
				GCC_WARN_64_TO_32_BIT_CONVERSION = YES;
				GCC_WARN_ABOUT_RETURN_TYPE = YES_ERROR;
				GCC_WARN_UNDECLARED_SELECTOR = YES;
				GCC_WARN_UNINITIALIZED_AUTOS = YES_AGGRESSIVE;
				GCC_WARN_UNUSED_FUNCTION = YES;
				GCC_WARN_UNUSED_VARIABLE = YES;
				IPHONEOS_DEPLOYMENT_TARGET = 13.5;
				MTL_ENABLE_DEBUG_INFO = NO;
				MTL_FAST_MATH = YES;
				SDKROOT = iphoneos;
				SWIFT_COMPILATION_MODE = wholemodule;
				SWIFT_OPTIMIZATION_LEVEL = "-O";
				VALIDATE_PRODUCT = YES;
			};
			name = Release;
		};
		04E1F31124B1A0A900D0F2D6 /* Debug */ = {
			isa = XCBuildConfiguration;
			baseConfigurationReference = C178C20C56EB51E724888501 /* Pods-BookShelf.debug.xcconfig */;
			buildSettings = {
				ASSETCATALOG_COMPILER_APPICON_NAME = AppIcon;
				CODE_SIGN_STYLE = Automatic;
				DEVELOPMENT_ASSET_PATHS = "\"BookShelf/Preview Content\"";
				DEVELOPMENT_TEAM = 479D88RPDD;
				ENABLE_PREVIEWS = YES;
				INFOPLIST_FILE = BookShelf/Info.plist;
				LD_RUNPATH_SEARCH_PATHS = (
					"$(inherited)",
					"@executable_path/Frameworks",
				);
				PRODUCT_BUNDLE_IDENTIFIER = com.yoshinobu.BookShelf;
				PRODUCT_NAME = "$(TARGET_NAME)";
				SWIFT_VERSION = 5.0;
				TARGETED_DEVICE_FAMILY = "1,2";
			};
			name = Debug;
		};
		04E1F31224B1A0A900D0F2D6 /* Release */ = {
			isa = XCBuildConfiguration;
			baseConfigurationReference = B4D33A40DCEE5FBC17DF78EB /* Pods-BookShelf.release.xcconfig */;
			buildSettings = {
				ASSETCATALOG_COMPILER_APPICON_NAME = AppIcon;
				CODE_SIGN_STYLE = Automatic;
				DEVELOPMENT_ASSET_PATHS = "\"BookShelf/Preview Content\"";
				DEVELOPMENT_TEAM = 479D88RPDD;
				ENABLE_PREVIEWS = YES;
				INFOPLIST_FILE = BookShelf/Info.plist;
				LD_RUNPATH_SEARCH_PATHS = (
					"$(inherited)",
					"@executable_path/Frameworks",
				);
				PRODUCT_BUNDLE_IDENTIFIER = com.yoshinobu.BookShelf;
				PRODUCT_NAME = "$(TARGET_NAME)";
				SWIFT_VERSION = 5.0;
				TARGETED_DEVICE_FAMILY = "1,2";
			};
			name = Release;
		};
/* End XCBuildConfiguration section */

/* Begin XCConfigurationList section */
		04E1F2F724B1A0A800D0F2D6 /* Build configuration list for PBXProject "BookShelf" */ = {
			isa = XCConfigurationList;
			buildConfigurations = (
				04E1F30E24B1A0A900D0F2D6 /* Debug */,
				04E1F30F24B1A0A900D0F2D6 /* Release */,
			);
			defaultConfigurationIsVisible = 0;
			defaultConfigurationName = Release;
		};
		04E1F31024B1A0A900D0F2D6 /* Build configuration list for PBXNativeTarget "BookShelf" */ = {
			isa = XCConfigurationList;
			buildConfigurations = (
				04E1F31124B1A0A900D0F2D6 /* Debug */,
				04E1F31224B1A0A900D0F2D6 /* Release */,
			);
			defaultConfigurationIsVisible = 0;
			defaultConfigurationName = Release;
		};
/* End XCConfigurationList section */
	};
	rootObject = 04E1F2F424B1A0A800D0F2D6 /* Project object */;
}
